
Microsoft Visual Studio Solution File, Format Version 12.00
# Visual Studio Version 17
VisualStudioVersion = 17.14.36518.9 d17.14
MinimumVisualStudioVersion = 10.0.40219.1
Project("{2150E333-8FDC-42A3-9474-1A3956D46DE8}") = "Project", "Project", "{02EA681E-C7D8-13C7-8484-4AC65E1B71E8}"
EndProject
Project("{FAE04EC0-301F-11D3-BF4B-00C04F79EFBC}") = "Project.V5", "Project.V5\Project.V5.csproj", "{BDA16318-AD63-407A-8290-E1B3415BBB69}"
EndProject
Project("{FAE04EC0-301F-11D3-BF4B-00C04F79EFBC}") = "Project.V5.Lib", "Project.V5.Lib\Project.V5.Lib.csproj", "{A8BF8D29-7666-49F6-9956-F890B5263758}"
EndProject
Project("{FAE04EC0-301F-11D3-BF4B-00C04F79EFBC}") = "Project.V5.Test", "Project.V5.Test\Project.V5.Test.csproj", "{DB2CC060-B364-4298-9ECA-C25971715C85}"
EndProject
Global
	GlobalSection(SolutionConfigurationPlatforms) = preSolution
		Debug|Any CPU = Debug|Any CPU
		Release|Any CPU = Release|Any CPU
	EndGlobalSection
	GlobalSection(ProjectConfigurationPlatforms) = postSolution
		{BDA16318-AD63-407A-8290-E1B3415BBB69}.Debug|Any CPU.ActiveCfg = Debug|Any CPU
		{BDA16318-AD63-407A-8290-E1B3415BBB69}.Debug|Any CPU.Build.0 = Debug|Any CPU
		{BDA16318-AD63-407A-8290-E1B3415BBB69}.Release|Any CPU.ActiveCfg = Release|Any CPU
		{BDA16318-AD63-407A-8290-E1B3415BBB69}.Release|Any CPU.Build.0 = Release|Any CPU
		{A8BF8D29-7666-49F6-9956-F890B5263758}.Debug|Any CPU.ActiveCfg = Debug|Any CPU
		{A8BF8D29-7666-49F6-9956-F890B5263758}.Debug|Any CPU.Build.0 = Debug|Any CPU
		{A8BF8D29-7666-49F6-9956-F890B5263758}.Release|Any CPU.ActiveCfg = Release|Any CPU
		{A8BF8D29-7666-49F6-9956-F890B5263758}.Release|Any CPU.Build.0 = Release|Any CPU
		{DB2CC060-B364-4298-9ECA-C25971715C85}.Debug|Any CPU.ActiveCfg = Debug|Any CPU
		{DB2CC060-B364-4298-9ECA-C25971715C85}.Debug|Any CPU.Build.0 = Debug|Any CPU
		{DB2CC060-B364-4298-9ECA-C25971715C85}.Release|Any CPU.ActiveCfg = Release|Any CPU
		{DB2CC060-B364-4298-9ECA-C25971715C85}.Release|Any CPU.Build.0 = Release|Any CPU
	EndGlobalSection
	GlobalSection(SolutionProperties) = preSolution
		HideSolutionNode = FALSE
	EndGlobalSection
	GlobalSection(NestedProjects) = preSolution
		{BDA16318-AD63-407A-8290-E1B3415BBB69} = {02EA681E-C7D8-13C7-8484-4AC65E1B71E8}
		{A8BF8D29-7666-49F6-9956-F890B5263758} = {02EA681E-C7D8-13C7-8484-4AC65E1B71E8}
		{DB2CC060-B364-4298-9ECA-C25971715C85} = {02EA681E-C7D8-13C7-8484-4AC65E1B71E8}
	EndGlobalSection
	GlobalSection(ExtensibilityGlobals) = postSolution
		SolutionGuid = {509B28D4-B444-41AC-8061-630584442392}
	EndGlobalSection
EndGlobal
